
Microsoft Visual Studio Solution File, Format Version 12.00
# Visual Studio 15
Project("{FAE04EC0-301F-11D3-BF4B-00C04F79EFBC}") = "Assembly-CSharp", "Assembly-CSharp.csproj", "{4A2695BF-428F-CA2E-9D3D-9C4916A352A5}"
EndProject
Project("{FAE04EC0-301F-11D3-BF4B-00C04F79EFBC}") = "VuforiaScripts", "VuforiaScripts.csproj", "{DA311E04-9B7D-801E-CAF0-1BE1AE728F60}"
EndProject
Project("{FAE04EC0-301F-11D3-BF4B-00C04F79EFBC}") = "Assembly-CSharp-Editor", "Assembly-CSharp-Editor.csproj", "{B69B3C3B-6058-9EDE-2BC5-35A29589EA25}"
EndProject
Project("{FAE04EC0-301F-11D3-BF4B-00C04F79EFBC}") = "VuforiaEditorScripts", "VuforiaEditorScripts.csproj", "{FF50D7AA-6AA0-7225-6849-93B5363284D3}"
EndProject
Project("{FAE04EC0-301F-11D3-BF4B-00C04F79EFBC}") = "VuforiaVersionCheckerScripts", "VuforiaVersionCheckerScripts.csproj", "{0A46F1E9-23AD-60DA-0A5E-39ECC622392B}"
EndProject
Global
	GlobalSection(SolutionConfigurationPlatforms) = preSolution
		Debug|Any CPU = Debug|Any CPU
		Release|Any CPU = Release|Any CPU
	EndGlobalSection
	GlobalSection(ProjectConfigurationPlatforms) = postSolution
		{4A2695BF-428F-CA2E-9D3D-9C4916A352A5}.Debug|Any CPU.ActiveCfg = Debug|Any CPU
		{4A2695BF-428F-CA2E-9D3D-9C4916A352A5}.Debug|Any CPU.Build.0 = Debug|Any CPU
		{4A2695BF-428F-CA2E-9D3D-9C4916A352A5}.Release|Any CPU.ActiveCfg = Release|Any CPU
		{4A2695BF-428F-CA2E-9D3D-9C4916A352A5}.Release|Any CPU.Build.0 = Release|Any CPU
		{DA311E04-9B7D-801E-CAF0-1BE1AE728F60}.Debug|Any CPU.ActiveCfg = Debug|Any CPU
		{DA311E04-9B7D-801E-CAF0-1BE1AE728F60}.Debug|Any CPU.Build.0 = Debug|Any CPU
		{DA311E04-9B7D-801E-CAF0-1BE1AE728F60}.Release|Any CPU.ActiveCfg = Release|Any CPU
		{DA311E04-9B7D-801E-CAF0-1BE1AE728F60}.Release|Any CPU.Build.0 = Release|Any CPU
		{B69B3C3B-6058-9EDE-2BC5-35A29589EA25}.Debug|Any CPU.ActiveCfg = Debug|Any CPU
		{B69B3C3B-6058-9EDE-2BC5-35A29589EA25}.Debug|Any CPU.Build.0 = Debug|Any CPU
		{B69B3C3B-6058-9EDE-2BC5-35A29589EA25}.Release|Any CPU.ActiveCfg = Release|Any CPU
		{B69B3C3B-6058-9EDE-2BC5-35A29589EA25}.Release|Any CPU.Build.0 = Release|Any CPU
		{FF50D7AA-6AA0-7225-6849-93B5363284D3}.Debug|Any CPU.ActiveCfg = Debug|Any CPU
		{FF50D7AA-6AA0-7225-6849-93B5363284D3}.Debug|Any CPU.Build.0 = Debug|Any CPU
		{FF50D7AA-6AA0-7225-6849-93B5363284D3}.Release|Any CPU.ActiveCfg = Release|Any CPU
		{FF50D7AA-6AA0-7225-6849-93B5363284D3}.Release|Any CPU.Build.0 = Release|Any CPU
		{0A46F1E9-23AD-60DA-0A5E-39ECC622392B}.Debug|Any CPU.ActiveCfg = Debug|Any CPU
		{0A46F1E9-23AD-60DA-0A5E-39ECC622392B}.Debug|Any CPU.Build.0 = Debug|Any CPU
		{0A46F1E9-23AD-60DA-0A5E-39ECC622392B}.Release|Any CPU.ActiveCfg = Release|Any CPU
		{0A46F1E9-23AD-60DA-0A5E-39ECC622392B}.Release|Any CPU.Build.0 = Release|Any CPU
	EndGlobalSection
	GlobalSection(SolutionProperties) = preSolution
		HideSolutionNode = FALSE
	EndGlobalSection
EndGlobal
